// !$*UTF8*$!
{
	archiveVersion = 1;
	classes = {
	};
	objectVersion = 50;
	objects = {

/* Begin PBXBuildFile section */
		78A548F620E3622B002B7062 /* AppDelegate.m in Sources */ = {isa = PBXBuildFile; fileRef = 78A548F520E3622B002B7062 /* AppDelegate.m */; };
		78A548F920E3622B002B7062 /* ViewController.m in Sources */ = {isa = PBXBuildFile; fileRef = 78A548F820E3622B002B7062 /* ViewController.m */; };
		78A548FC20E3622B002B7062 /* Main.storyboard in Resources */ = {isa = PBXBuildFile; fileRef = 78A548FA20E3622B002B7062 /* Main.storyboard */; };
		78A548FE20E3622D002B7062 /* Assets.xcassets in Resources */ = {isa = PBXBuildFile; fileRef = 78A548FD20E3622D002B7062 /* Assets.xcassets */; };
		78A5490120E3622D002B7062 /* LaunchScreen.storyboard in Resources */ = {isa = PBXBuildFile; fileRef = 78A548FF20E3622D002B7062 /* LaunchScreen.storyboard */; };
		78A5490420E3622D002B7062 /* main.m in Sources */ = {isa = PBXBuildFile; fileRef = 78A5490320E3622D002B7062 /* main.m */; };
/* End PBXBuildFile section */

/* Begin PBXFileReference section */
		78A548F120E3622B002B7062 /* Bluetooth_D.app */ = {isa = PBXFileReference; explicitFileType = wrapper.application; includeInIndex = 0; path = Bluetooth_D.app; sourceTree = BUILT_PRODUCTS_DIR; };
		78A548F420E3622B002B7062 /* AppDelegate.h */ = {isa = PBXFileReference; lastKnownFileType = sourcecode.c.h; path = AppDelegate.h; sourceTree = "<group>"; };
		78A548F520E3622B002B7062 /* AppDelegate.m */ = {isa = PBXFileReference; lastKnownFileType = sourcecode.c.objc; path = AppDelegate.m; sourceTree = "<group>"; };
		78A548F720E3622B002B7062 /* ViewController.h */ = {isa = PBXFileReference; lastKnownFileType = sourcecode.c.h; path = ViewController.h; sourceTree = "<group>"; };
		78A548F820E3622B002B7062 /* ViewController.m */ = {isa = PBXFileReference; lastKnownFileType = sourcecode.c.objc; path = ViewController.m; sourceTree = "<group>"; };
		78A548FB20E3622B002B7062 /* Base */ = {isa = PBXFileReference; lastKnownFileType = file.storyboard; name = Base; path = Base.lproj/Main.storyboard; sourceTree = "<group>"; };
		78A548FD20E3622D002B7062 /* Assets.xcassets */ = {isa = PBXFileReference; lastKnownFileType = folder.assetcatalog; path = Assets.xcassets; sourceTree = "<group>"; };
		78A5490020E3622D002B7062 /* Base */ = {isa = PBXFileReference; lastKnownFileType = file.storyboard; name = Base; path = Base.lproj/LaunchScreen.storyboard; sourceTree = "<group>"; };
		78A5490220E3622D002B7062 /* Info.plist */ = {isa = PBXFileReference; lastKnownFileType = text.plist.xml; path = Info.plist; sourceTree = "<group>"; };
		78A5490320E3622D002B7062 /* main.m */ = {isa = PBXFileReference; lastKnownFileType = sourcecode.c.objc; path = main.m; sourceTree = "<group>"; };
/* End PBXFileReference section */

/* Begin PBXFrameworksBuildPhase section */
		78A548EE20E3622B002B7062 /* Frameworks */ = {
			isa = PBXFrameworksBuildPhase;
			buildActionMask = 2147483647;
			files = (
			);
			runOnlyForDeploymentPostprocessing = 0;
		};
/* End PBXFrameworksBuildPhase section */

/* Begin PBXGroup section */
		78A548E820E3622B002B7062 = {
			isa = PBXGroup;
			children = (
				78A548F320E3622B002B7062 /* Bluetooth_D */,
				78A548F220E3622B002B7062 /* Products */,
			);
			sourceTree = "<group>";
		};
		78A548F220E3622B002B7062 /* Products */ = {
			isa = PBXGroup;
			children = (
				78A548F120E3622B002B7062 /* Bluetooth_D.app */,
			);
			name = Products;
			sourceTree = "<group>";
		};
		78A548F320E3622B002B7062 /* Bluetooth_D */ = {
			isa = PBXGroup;
			children = (
				78A548F420E3622B002B7062 /* AppDelegate.h */,
				78A548F520E3622B002B7062 /* AppDelegate.m */,
				78A548F720E3622B002B7062 /* ViewController.h */,
				78A548F820E3622B002B7062 /* ViewController.m */,
				78A548FA20E3622B002B7062 /* Main.storyboard */,
				78A548FD20E3622D002B7062 /* Assets.xcassets */,
				78A548FF20E3622D002B7062 /* LaunchScreen.storyboard */,
				78A5490220E3622D002B7062 /* Info.plist */,
				78A5490320E3622D002B7062 /* main.m */,
			);
			path = Bluetooth_D;
			sourceTree = "<group>";
		};
/* End PBXGroup section */

/* Begin PBXNativeTarget section */
		78A548F020E3622B002B7062 /* Bluetooth_D */ = {
			isa = PBXNativeTarget;
			buildConfigurationList = 78A5490720E3622D002B7062 /* Build configuration list for PBXNativeTarget "Bluetooth_D" */;
			buildPhases = (
				78A548ED20E3622B002B7062 /* Sources */,
				78A548EE20E3622B002B7062 /* Frameworks */,
				78A548EF20E3622B002B7062 /* Resources */,
			);
			buildRules = (
			);
			dependencies = (
			);
			name = Bluetooth_D;
			productName = Bluetooth_D;
			productReference = 78A548F120E3622B002B7062 /* Bluetooth_D.app */;
			productType = "com.apple.product-type.application";
		};
/* End PBXNativeTarget section */

/* Begin PBXProject section */
		78A548E920E3622B002B7062 /* Project object */ = {
			isa = PBXProject;
			attributes = {
				LastUpgradeCheck = 0940;
				ORGANIZATIONNAME = idea;
				TargetAttributes = {
					78A548F020E3622B002B7062 = {
						CreatedOnToolsVersion = 9.4.1;
					};
				};
			};
			buildConfigurationList = 78A548EC20E3622B002B7062 /* Build configuration list for PBXProject "Bluetooth_D" */;
			compatibilityVersion = "Xcode 9.3";
			developmentRegion = en;
			hasScannedForEncodings = 0;
			knownRegions = (
				en,
				Base,
			);
			mainGroup = 78A548E820E3622B002B7062;
			productRefGroup = 78A548F220E3622B002B7062 /* Products */;
			projectDirPath = "";
			projectRoot = "";
			targets = (
				78A548F020E3622B002B7062 /* Bluetooth_D */,
			);
		};
/* End PBXProject section */

/* Begin PBXResourcesBuildPhase section */
		78A548EF20E3622B002B7062 /* Resources */ = {
			isa = PBXResourcesBuildPhase;
			buildActionMask = 2147483647;
			files = (
				78A5490120E3622D002B7062 /* LaunchScreen.storyboard in Resources */,
				78A548FE20E3622D002B7062 /* Assets.xcassets in Resources */,
				78A548FC20E3622B002B7062 /* Main.storyboard in Resources */,
			);
			runOnlyForDeploymentPostprocessing = 0;
		};
/* End PBXResourcesBuildPhase section */

/* Begin PBXSourcesBuildPhase section */
		78A548ED20E3622B002B7062 /* Sources */ = {
			isa = PBXSourcesBuildPhase;
			buildActionMask = 2147483647;
			files = (
				78A548F920E3622B002B7062 /* ViewController.m in Sources */,
				78A5490420E3622D002B7062 /* main.m in Sources */,
				78A548F620E3622B002B7062 /* AppDelegate.m in Sources */,
			);
			runOnlyForDeploymentPostprocessing = 0;
		};
/* End PBXSourcesBuildPhase section */

/* Begin PBXVariantGroup section */
		78A548FA20E3622B002B7062 /* Main.storyboard */ = {
			isa = PBXVariantGroup;
			children = (
				78A548FB20E3622B002B7062 /* Base */,
			);
			name = Main.storyboard;
			sourceTree = "<group>";
		};
		78A548FF20E3622D002B7062 /* LaunchScreen.storyboard */ = {
			isa = PBXVariantGroup;
			children = (
				78A5490020E3622D002B7062 /* Base */,
			);
			name = LaunchScreen.storyboard;
			sourceTree = "<group>";
		};
/* End PBXVariantGroup section */

/* Begin XCBuildConfiguration section */
		78A5490520E3622D002B7062 /* Debug */ = {
			isa = XCBuildConfiguration;
			buildSettings = {
				ALWAYS_SEARCH_USER_PATHS = NO;
				CLANG_ANALYZER_NONNULL = YES;
				CLANG_ANALYZER_NUMBER_OBJECT_CONVERSION = YES_AGGRESSIVE;
				CLANG_CXX_LANGUAGE_STANDARD = "gnu++14";
				CLANG_CXX_LIBRARY = "libc++";
				CLANG_ENABLE_MODULES = YES;
				CLANG_ENABLE_OBJC_ARC = YES;
				CLANG_ENABLE_OBJC_WEAK = YES;
				CLANG_WARN_BLOCK_CAPTURE_AUTORELEASING = YES;
				CLANG_WARN_BOOL_CONVERSION = YES;
				CLANG_WARN_COMMA = YES;
				CLANG_WARN_CONSTANT_CONVERSION = YES;
				CLANG_WARN_DEPRECATED_OBJC_IMPLEMENTATIONS = YES;
				CLANG_WARN_DIRECT_OBJC_ISA_USAGE = YES_ERROR;
				CLANG_WARN_DOCUMENTATION_COMMENTS = YES;
				CLANG_WARN_EMPTY_BODY = YES;
				CLANG_WARN_ENUM_CONVERSION = YES;
				CLANG_WARN_INFINITE_RECURSION = YES;
				CLANG_WARN_INT_CONVERSION = YES;
				CLANG_WARN_NON_LITERAL_NULL_CONVERSION = YES;
				CLANG_WARN_OBJC_IMPLICIT_RETAIN_SELF = YES;
				CLANG_WARN_OBJC_LITERAL_CONVERSION = YES;
				CLANG_WARN_OBJC_ROOT_CLASS = YES_ERROR;
				CLANG_WARN_RANGE_LOOP_ANALYSIS = YES;
				CLANG_WARN_STRICT_PROTOTYPES = YES;
				CLANG_WARN_SUSPICIOUS_MOVE = YES;
				CLANG_WARN_UNGUARDED_AVAILABILITY = YES_AGGRESSIVE;
				CLANG_WARN_UNREACHABLE_CODE = YES;
				CLANG_WARN__DUPLICATE_METHOD_MATCH = YES;
				CODE_SIGN_IDENTITY = "iPhone Developer";
				COPY_PHASE_STRIP = NO;
				DEBUG_INFORMATION_FORMAT = dwarf;
				ENABLE_STRICT_OBJC_MSGSEND = YES;
				ENABLE_TESTABILITY = YES;
				GCC_C_LANGUAGE_STANDARD = gnu11;
				GCC_DYNAMIC_NO_PIC = NO;
				GCC_NO_COMMON_BLOCKS = YES;
				GCC_OPTIMIZATION_LEVEL = 0;
				GCC_PREPROCESSOR_DEFINITIONS = (
					"DEBUG=1",
					"$(inherited)",
				);
				GCC_WARN_64_TO_32_BIT_CONVERSION = YES;
				GCC_WARN_ABOUT_RETURN_TYPE = YES_ERROR;
				GCC_WARN_UNDECLARED_SELECTOR = YES;
				GCC_WARN_UNINITIALIZED_AUTOS = YES_AGGRESSIVE;
				GCC_WARN_UNUSED_FUNCTION = YES;
				GCC_WARN_UNUSED_VARIABLE = YES;
				IPHONEOS_DEPLOYMENT_TARGET = 11.4;
				MTL_ENABLE_DEBUG_INFO = YES;
				ONLY_ACTIVE_ARCH = YES;
				SDKROOT = iphoneos;
			};
			name = Debug;
		};
		78A5490620E3622D002B7062 /* Release */ = {
			isa = XCBuildConfiguration;
			buildSettings = {
				ALWAYS_SEARCH_USER_PATHS = NO;
				CLANG_ANALYZER_NONNULL = YES;
				CLANG_ANALYZER_NUMBER_OBJECT_CONVERSION = YES_AGGRESSIVE;
				CLANG_CXX_LANGUAGE_STANDARD = "gnu++14";
				CLANG_CXX_LIBRARY = "libc++";
				CLANG_ENABLE_MODULES = YES;
				CLANG_ENABLE_OBJC_ARC = YES;
				CLANG_ENABLE_OBJC_WEAK = YES;
				CLANG_WARN_BLOCK_CAPTURE_AUTORELEASING = YES;
				CLANG_WARN_BOOL_CONVERSION = YES;
				CLANG_WARN_COMMA = YES;
				CLANG_WARN_CONSTANT_CONVERSION = YES;
				CLANG_WARN_DEPRECATED_OBJC_IMPLEMENTATIONS = YES;
				CLANG_WARN_DIRECT_OBJC_ISA_USAGE = YES_ERROR;
				CLANG_WARN_DOCUMENTATION_COMMENTS = YES;
				CLANG_WARN_EMPTY_BODY = YES;
				CLANG_WARN_ENUM_CONVERSION = YES;
				CLANG_WARN_INFINITE_RECURSION = YES;
				CLANG_WARN_INT_CONVERSION = YES;
				CLANG_WARN_NON_LITERAL_NULL_CONVERSION = YES;
				CLANG_WARN_OBJC_IMPLICIT_RETAIN_SELF = YES;
				CLANG_WARN_OBJC_LITERAL_CONVERSION = YES;
				CLANG_WARN_OBJC_ROOT_CLASS = YES_ERROR;
				CLANG_WARN_RANGE_LOOP_ANALYSIS = YES;
				CLANG_WARN_STRICT_PROTOTYPES = YES;
				CLANG_WARN_SUSPICIOUS_MOVE = YES;
				CLANG_WARN_UNGUARDED_AVAILABILITY = YES_AGGRESSIVE;
				CLANG_WARN_UNREACHABLE_CODE = YES;
				CLANG_WARN__DUPLICATE_METHOD_MATCH = YES;
				CODE_SIGN_IDENTITY = "iPhone Developer";
				COPY_PHASE_STRIP = NO;
				DEBUG_INFORMATION_FORMAT = "dwarf-with-dsym";
				ENABLE_NS_ASSERTIONS = NO;
				ENABLE_STRICT_OBJC_MSGSEND = YES;
				GCC_C_LANGUAGE_STANDARD = gnu11;
				GCC_NO_COMMON_BLOCKS = YES;
				GCC_WARN_64_TO_32_BIT_CONVERSION = YES;
				GCC_WARN_ABOUT_RETURN_TYPE = YES_ERROR;
				GCC_WARN_UNDECLARED_SELECTOR = YES;
				GCC_WARN_UNINITIALIZED_AUTOS = YES_AGGRESSIVE;
				GCC_WARN_UNUSED_FUNCTION = YES;
				GCC_WARN_UNUSED_VARIABLE = YES;
				IPHONEOS_DEPLOYMENT_TARGET = 11.4;
				MTL_ENABLE_DEBUG_INFO = NO;
				SDKROOT = iphoneos;
				VALIDATE_PRODUCT = YES;
			};
			name = Release;
		};
		78A5490820E3622D002B7062 /* Debug */ = {
			isa = XCBuildConfiguration;
			buildSettings = {
				ASSETCATALOG_COMPILER_APPICON_NAME = AppIcon;
				CODE_SIGN_STYLE = Automatic;
				INFOPLIST_FILE = Bluetooth_D/Info.plist;
				LD_RUNPATH_SEARCH_PATHS = (
					"$(inherited)",
					"@executable_path/Frameworks",
				);
				PRODUCT_BUNDLE_IDENTIFIER = "com.youlu.Bluetooth-D";
				PRODUCT_NAME = "$(TARGET_NAME)";
				TARGETED_DEVICE_FAMILY = "1,2";
			};
			name = Debug;
		};
		78A5490920E3622D002B7062 /* Release */ = {
			isa = XCBuildConfiguration;
			buildSettings = {
				ASSETCATALOG_COMPILER_APPICON_NAME = AppIcon;
				CODE_SIGN_STYLE = Automatic;
				INFOPLIST_FILE = Bluetooth_D/Info.plist;
				LD_RUNPATH_SEARCH_PATHS = (
					"$(inherited)",
					"@executable_path/Frameworks",
				);
				PRODUCT_BUNDLE_IDENTIFIER = "com.youlu.Bluetooth-D";
				PRODUCT_NAME = "$(TARGET_NAME)";
				TARGETED_DEVICE_FAMILY = "1,2";
			};
			name = Release;
		};
/* End XCBuildConfiguration section */

/* Begin XCConfigurationList section */
		78A548EC20E3622B002B7062 /* Build configuration list for PBXProject "Bluetooth_D" */ = {
			isa = XCConfigurationList;
			buildConfigurations = (
				78A5490520E3622D002B7062 /* Debug */,
				78A5490620E3622D002B7062 /* Release */,
			);
			defaultConfigurationIsVisible = 0;
			defaultConfigurationName = Release;
		};
		78A5490720E3622D002B7062 /* Build configuration list for PBXNativeTarget "Bluetooth_D" */ = {
			isa = XCConfigurationList;
			buildConfigurations = (
				78A5490820E3622D002B7062 /* Debug */,
				78A5490920E3622D002B7062 /* Release */,
			);
			defaultConfigurationIsVisible = 0;
			defaultConfigurationName = Release;
		};
/* End XCConfigurationList section */
	};
	rootObject = 78A548E920E3622B002B7062 /* Project object */;
}
